// !$*UTF8*$!
{
	archiveVersion = 1;
	classes = {
	};
	objectVersion = 48;
	objects = {

/* Begin PBXBuildFile section */
		FB1FA862202AE5E4009A7DDB /* animationsLichRun.atlas in Resources */ = {isa = PBXBuildFile; fileRef = FB1FA861202AE5E4009A7DDB /* animationsLichRun.atlas */; };
		FB1FA864202AEAD1009A7DDB /* animationsLichTransformation.atlas in Resources */ = {isa = PBXBuildFile; fileRef = FB1FA863202AEAD1009A7DDB /* animationsLichTransformation.atlas */; };
		FB2E52302025FA8B00CF76E5 /* animationsJumpKnight.atlas in Resources */ = {isa = PBXBuildFile; fileRef = FB2E522F2025FA8B00CF76E5 /* animationsJumpKnight.atlas */; };
		FB2E52342025FF5300CF76E5 /* animationsIdleKnight.atlas in Resources */ = {isa = PBXBuildFile; fileRef = FB2E52332025FF5300CF76E5 /* animationsIdleKnight.atlas */; };
		FB6425FA202B42810096D2EF /* animationsLichIdle.atlas in Resources */ = {isa = PBXBuildFile; fileRef = FB6425F9202B42810096D2EF /* animationsLichIdle.atlas */; };
		FB642601202B45FC0096D2EF /* animationsLichAtack.atlas in Resources */ = {isa = PBXBuildFile; fileRef = FB642600202B45FB0096D2EF /* animationsLichAtack.atlas */; };
		FB78FC542026568300D26A4F /* animationsKnightTransformation.atlas in Resources */ = {isa = PBXBuildFile; fileRef = FB78FC532026568200D26A4F /* animationsKnightTransformation.atlas */; };
		FB78FC56202660B300D26A4F /* animationsCampfire.atlas in Resources */ = {isa = PBXBuildFile; fileRef = FB78FC55202660B300D26A4F /* animationsCampfire.atlas */; };
		FB78FC582026670F00D26A4F /* animationsFishing.atlas in Resources */ = {isa = PBXBuildFile; fileRef = FB78FC572026670F00D26A4F /* animationsFishing.atlas */; };
		FB81F182201883DD006AA209 /* AppDelegate.m in Sources */ = {isa = PBXBuildFile; fileRef = FB81F181201883DD006AA209 /* AppDelegate.m */; };
		FB81F184201883DD006AA209 /* GameScene.sks in Resources */ = {isa = PBXBuildFile; fileRef = FB81F183201883DD006AA209 /* GameScene.sks */; };
		FB81F186201883DD006AA209 /* Actions.sks in Resources */ = {isa = PBXBuildFile; fileRef = FB81F185201883DD006AA209 /* Actions.sks */; };
		FB81F189201883DD006AA209 /* GameScene.m in Sources */ = {isa = PBXBuildFile; fileRef = FB81F188201883DD006AA209 /* GameScene.m */; };
		FB81F18C201883DD006AA209 /* GameViewController.m in Sources */ = {isa = PBXBuildFile; fileRef = FB81F18B201883DD006AA209 /* GameViewController.m */; };
		FB81F18F201883DD006AA209 /* Main.storyboard in Resources */ = {isa = PBXBuildFile; fileRef = FB81F18D201883DD006AA209 /* Main.storyboard */; };
		FB81F191201883DD006AA209 /* Assets.xcassets in Resources */ = {isa = PBXBuildFile; fileRef = FB81F190201883DD006AA209 /* Assets.xcassets */; };
		FB81F194201883DD006AA209 /* LaunchScreen.storyboard in Resources */ = {isa = PBXBuildFile; fileRef = FB81F192201883DD006AA209 /* LaunchScreen.storyboard */; };
		FB81F197201883DD006AA209 /* main.m in Sources */ = {isa = PBXBuildFile; fileRef = FB81F196201883DD006AA209 /* main.m */; };
		FB81F1A1201883DD006AA209 /* JuegoTests.m in Sources */ = {isa = PBXBuildFile; fileRef = FB81F1A0201883DD006AA209 /* JuegoTests.m */; };
		FB81F1AC201883DD006AA209 /* JuegoUITests.m in Sources */ = {isa = PBXBuildFile; fileRef = FB81F1AB201883DD006AA209 /* JuegoUITests.m */; };
		FB89A3E72038547B00F91F57 /* GameData.m in Sources */ = {isa = PBXBuildFile; fileRef = FB89A3E62038547B00F91F57 /* GameData.m */; };
		FB89A3EA20385D8500F91F57 /* GameMenuController.m in Sources */ = {isa = PBXBuildFile; fileRef = FB89A3E920385D8500F91F57 /* GameMenuController.m */; };
		FB89A3EF20385F6500F91F57 /* GameMenu.m in Sources */ = {isa = PBXBuildFile; fileRef = FB89A3EE20385F6500F91F57 /* GameMenu.m */; };
		FB89A3F72038634900F91F57 /* Menu.sks in Resources */ = {isa = PBXBuildFile; fileRef = FB89A3F62038634900F91F57 /* Menu.sks */; };
		FB9EF76A203D6E0500A419B1 /* GameScene_2.sks in Resources */ = {isa = PBXBuildFile; fileRef = FB9EF769203D6E0500A419B1 /* GameScene_2.sks */; };
		FBAFEE8220276F39005419F0 /* animationsAtackKnight.atlas in Resources */ = {isa = PBXBuildFile; fileRef = FBAFEE8120276F39005419F0 /* animationsAtackKnight.atlas */; };
		FBAFEE8420276FA7005419F0 /* animationsDeadKnight.atlas in Resources */ = {isa = PBXBuildFile; fileRef = FBAFEE8320276FA7005419F0 /* animationsDeadKnight.atlas */; };
		FBCE08D3201D0D9E00C7D3EE /* animations.atlas in Resources */ = {isa = PBXBuildFile; fileRef = FBCE08D2201D0D9E00C7D3EE /* animations.atlas */; };
/* End PBXBuildFile section */

/* Begin PBXContainerItemProxy section */
		FB81F19D201883DD006AA209 /* PBXContainerItemProxy */ = {
			isa = PBXContainerItemProxy;
			containerPortal = FB81F175201883DD006AA209 /* Project object */;
			proxyType = 1;
			remoteGlobalIDString = FB81F17C201883DD006AA209;
			remoteInfo = Juego;
		};
		FB81F1A8201883DD006AA209 /* PBXContainerItemProxy */ = {
			isa = PBXContainerItemProxy;
			containerPortal = FB81F175201883DD006AA209 /* Project object */;
			proxyType = 1;
			remoteGlobalIDString = FB81F17C201883DD006AA209;
			remoteInfo = Juego;
		};
/* End PBXContainerItemProxy section */

/* Begin PBXFileReference section */
		FB1FA861202AE5E4009A7DDB /* animationsLichRun.atlas */ = {isa = PBXFileReference; lastKnownFileType = folder.skatlas; path = animationsLichRun.atlas; sourceTree = "<group>"; };
		FB1FA863202AEAD1009A7DDB /* animationsLichTransformation.atlas */ = {isa = PBXFileReference; lastKnownFileType = folder.skatlas; path = animationsLichTransformation.atlas; sourceTree = "<group>"; };
		FB2E522F2025FA8B00CF76E5 /* animationsJumpKnight.atlas */ = {isa = PBXFileReference; lastKnownFileType = folder.skatlas; path = animationsJumpKnight.atlas; sourceTree = "<group>"; };
		FB2E52332025FF5300CF76E5 /* animationsIdleKnight.atlas */ = {isa = PBXFileReference; lastKnownFileType = folder.skatlas; path = animationsIdleKnight.atlas; sourceTree = "<group>"; };
		FB6425F9202B42810096D2EF /* animationsLichIdle.atlas */ = {isa = PBXFileReference; lastKnownFileType = folder.skatlas; path = animationsLichIdle.atlas; sourceTree = "<group>"; };
		FB642600202B45FB0096D2EF /* animationsLichAtack.atlas */ = {isa = PBXFileReference; lastKnownFileType = folder.skatlas; path = animationsLichAtack.atlas; sourceTree = "<group>"; };
		FB78FC532026568200D26A4F /* animationsKnightTransformation.atlas */ = {isa = PBXFileReference; lastKnownFileType = folder.skatlas; path = animationsKnightTransformation.atlas; sourceTree = "<group>"; };
		FB78FC55202660B300D26A4F /* animationsCampfire.atlas */ = {isa = PBXFileReference; lastKnownFileType = folder.skatlas; path = animationsCampfire.atlas; sourceTree = "<group>"; };
		FB78FC572026670F00D26A4F /* animationsFishing.atlas */ = {isa = PBXFileReference; lastKnownFileType = folder.skatlas; path = animationsFishing.atlas; sourceTree = "<group>"; };
		FB81F17D201883DD006AA209 /* Juego.app */ = {isa = PBXFileReference; explicitFileType = wrapper.application; includeInIndex = 0; path = Juego.app; sourceTree = BUILT_PRODUCTS_DIR; };
		FB81F180201883DD006AA209 /* AppDelegate.h */ = {isa = PBXFileReference; lastKnownFileType = sourcecode.c.h; path = AppDelegate.h; sourceTree = "<group>"; };
		FB81F181201883DD006AA209 /* AppDelegate.m */ = {isa = PBXFileReference; lastKnownFileType = sourcecode.c.objc; path = AppDelegate.m; sourceTree = "<group>"; };
		FB81F183201883DD006AA209 /* GameScene.sks */ = {isa = PBXFileReference; lastKnownFileType = file.sks; path = GameScene.sks; sourceTree = "<group>"; };
		FB81F185201883DD006AA209 /* Actions.sks */ = {isa = PBXFileReference; lastKnownFileType = file.sks; path = Actions.sks; sourceTree = "<group>"; };
		FB81F187201883DD006AA209 /* GameScene.h */ = {isa = PBXFileReference; lastKnownFileType = sourcecode.c.h; path = GameScene.h; sourceTree = "<group>"; };
		FB81F188201883DD006AA209 /* GameScene.m */ = {isa = PBXFileReference; lastKnownFileType = sourcecode.c.objc; path = GameScene.m; sourceTree = "<group>"; };
		FB81F18A201883DD006AA209 /* GameViewController.h */ = {isa = PBXFileReference; lastKnownFileType = sourcecode.c.h; path = GameViewController.h; sourceTree = "<group>"; };
		FB81F18B201883DD006AA209 /* GameViewController.m */ = {isa = PBXFileReference; lastKnownFileType = sourcecode.c.objc; path = GameViewController.m; sourceTree = "<group>"; };
		FB81F18E201883DD006AA209 /* Base */ = {isa = PBXFileReference; lastKnownFileType = file.storyboard; name = Base; path = Base.lproj/Main.storyboard; sourceTree = "<group>"; };
		FB81F190201883DD006AA209 /* Assets.xcassets */ = {isa = PBXFileReference; lastKnownFileType = folder.assetcatalog; path = Assets.xcassets; sourceTree = "<group>"; };
		FB81F193201883DD006AA209 /* Base */ = {isa = PBXFileReference; lastKnownFileType = file.storyboard; name = Base; path = Base.lproj/LaunchScreen.storyboard; sourceTree = "<group>"; };
		FB81F195201883DD006AA209 /* Info.plist */ = {isa = PBXFileReference; lastKnownFileType = text.plist.xml; path = Info.plist; sourceTree = "<group>"; };
		FB81F196201883DD006AA209 /* main.m */ = {isa = PBXFileReference; lastKnownFileType = sourcecode.c.objc; path = main.m; sourceTree = "<group>"; };
		FB81F19C201883DD006AA209 /* JuegoTests.xctest */ = {isa = PBXFileReference; explicitFileType = wrapper.cfbundle; includeInIndex = 0; path = JuegoTests.xctest; sourceTree = BUILT_PRODUCTS_DIR; };
		FB81F1A0201883DD006AA209 /* JuegoTests.m */ = {isa = PBXFileReference; lastKnownFileType = sourcecode.c.objc; path = JuegoTests.m; sourceTree = "<group>"; };
		FB81F1A2201883DD006AA209 /* Info.plist */ = {isa = PBXFileReference; lastKnownFileType = text.plist.xml; path = Info.plist; sourceTree = "<group>"; };
		FB81F1A7201883DD006AA209 /* JuegoUITests.xctest */ = {isa = PBXFileReference; explicitFileType = wrapper.cfbundle; includeInIndex = 0; path = JuegoUITests.xctest; sourceTree = BUILT_PRODUCTS_DIR; };
		FB81F1AB201883DD006AA209 /* JuegoUITests.m */ = {isa = PBXFileReference; lastKnownFileType = sourcecode.c.objc; path = JuegoUITests.m; sourceTree = "<group>"; };
		FB81F1AD201883DD006AA209 /* Info.plist */ = {isa = PBXFileReference; lastKnownFileType = text.plist.xml; path = Info.plist; sourceTree = "<group>"; };
		FB89A3E52038547B00F91F57 /* GameData.h */ = {isa = PBXFileReference; lastKnownFileType = sourcecode.c.h; path = GameData.h; sourceTree = "<group>"; };
		FB89A3E62038547B00F91F57 /* GameData.m */ = {isa = PBXFileReference; lastKnownFileType = sourcecode.c.objc; path = GameData.m; sourceTree = "<group>"; };
		FB89A3E820385D8500F91F57 /* GameMenuController.h */ = {isa = PBXFileReference; lastKnownFileType = sourcecode.c.h; path = GameMenuController.h; sourceTree = "<group>"; };
		FB89A3E920385D8500F91F57 /* GameMenuController.m */ = {isa = PBXFileReference; lastKnownFileType = sourcecode.c.objc; path = GameMenuController.m; sourceTree = "<group>"; };
		FB89A3ED20385F6500F91F57 /* GameMenu.h */ = {isa = PBXFileReference; lastKnownFileType = sourcecode.c.h; path = GameMenu.h; sourceTree = "<group>"; };
		FB89A3EE20385F6500F91F57 /* GameMenu.m */ = {isa = PBXFileReference; lastKnownFileType = sourcecode.c.objc; path = GameMenu.m; sourceTree = "<group>"; };
		FB89A3F62038634900F91F57 /* Menu.sks */ = {isa = PBXFileReference; lastKnownFileType = file.sks; path = Menu.sks; sourceTree = "<group>"; };
		FB9EF769203D6E0500A419B1 /* GameScene_2.sks */ = {isa = PBXFileReference; lastKnownFileType = file.sks; path = GameScene_2.sks; sourceTree = "<group>"; };
		FBAFEE8120276F39005419F0 /* animationsAtackKnight.atlas */ = {isa = PBXFileReference; lastKnownFileType = folder.skatlas; path = animationsAtackKnight.atlas; sourceTree = "<group>"; };
		FBAFEE8320276FA7005419F0 /* animationsDeadKnight.atlas */ = {isa = PBXFileReference; lastKnownFileType = folder.skatlas; path = animationsDeadKnight.atlas; sourceTree = "<group>"; };
		FBCE08D2201D0D9E00C7D3EE /* animations.atlas */ = {isa = PBXFileReference; lastKnownFileType = folder.skatlas; path = animations.atlas; sourceTree = "<group>"; };
/* End PBXFileReference section */

/* Begin PBXFrameworksBuildPhase section */
		FB81F17A201883DD006AA209 /* Frameworks */ = {
			isa = PBXFrameworksBuildPhase;
			buildActionMask = 2147483647;
			files = (
			);
			runOnlyForDeploymentPostprocessing = 0;
		};
		FB81F199201883DD006AA209 /* Frameworks */ = {
			isa = PBXFrameworksBuildPhase;
			buildActionMask = 2147483647;
			files = (
			);
			runOnlyForDeploymentPostprocessing = 0;
		};
		FB81F1A4201883DD006AA209 /* Frameworks */ = {
			isa = PBXFrameworksBuildPhase;
			buildActionMask = 2147483647;
			files = (
			);
			runOnlyForDeploymentPostprocessing = 0;
		};
/* End PBXFrameworksBuildPhase section */

/* Begin PBXGroup section */
		FB81F174201883DD006AA209 = {
			isa = PBXGroup;
			children = (
				FB81F17F201883DD006AA209 /* Juego */,
				FB81F19F201883DD006AA209 /* JuegoTests */,
				FB81F1AA201883DD006AA209 /* JuegoUITests */,
				FB81F17E201883DD006AA209 /* Products */,
			);
			sourceTree = "<group>";
		};
		FB81F17E201883DD006AA209 /* Products */ = {
			isa = PBXGroup;
			children = (
				FB81F17D201883DD006AA209 /* Juego.app */,
				FB81F19C201883DD006AA209 /* JuegoTests.xctest */,
				FB81F1A7201883DD006AA209 /* JuegoUITests.xctest */,
			);
			name = Products;
			sourceTree = "<group>";
		};
		FB81F17F201883DD006AA209 /* Juego */ = {
			isa = PBXGroup;
			children = (
				FB1FA863202AEAD1009A7DDB /* animationsLichTransformation.atlas */,
				FB1FA861202AE5E4009A7DDB /* animationsLichRun.atlas */,
				FB6425F9202B42810096D2EF /* animationsLichIdle.atlas */,
				FB642600202B45FB0096D2EF /* animationsLichAtack.atlas */,
				FBAFEE8320276FA7005419F0 /* animationsDeadKnight.atlas */,
				FBAFEE8120276F39005419F0 /* animationsAtackKnight.atlas */,
				FB78FC572026670F00D26A4F /* animationsFishing.atlas */,
				FB78FC55202660B300D26A4F /* animationsCampfire.atlas */,
				FB78FC532026568200D26A4F /* animationsKnightTransformation.atlas */,
				FB2E52332025FF5300CF76E5 /* animationsIdleKnight.atlas */,
				FB2E522F2025FA8B00CF76E5 /* animationsJumpKnight.atlas */,
				FBCE08D2201D0D9E00C7D3EE /* animations.atlas */,
				FB81F180201883DD006AA209 /* AppDelegate.h */,
				FB81F181201883DD006AA209 /* AppDelegate.m */,
				FB81F183201883DD006AA209 /* GameScene.sks */,
				FB9EF769203D6E0500A419B1 /* GameScene_2.sks */,
				FB81F185201883DD006AA209 /* Actions.sks */,
				FB81F187201883DD006AA209 /* GameScene.h */,
				FB81F188201883DD006AA209 /* GameScene.m */,
				FB81F18A201883DD006AA209 /* GameViewController.h */,
				FB81F18B201883DD006AA209 /* GameViewController.m */,
				FB81F18D201883DD006AA209 /* Main.storyboard */,
				FB81F190201883DD006AA209 /* Assets.xcassets */,
				FB81F192201883DD006AA209 /* LaunchScreen.storyboard */,
				FB81F195201883DD006AA209 /* Info.plist */,
				FB81F196201883DD006AA209 /* main.m */,
				FB89A3E52038547B00F91F57 /* GameData.h */,
				FB89A3E62038547B00F91F57 /* GameData.m */,
				FB89A3E820385D8500F91F57 /* GameMenuController.h */,
				FB89A3E920385D8500F91F57 /* GameMenuController.m */,
				FB89A3ED20385F6500F91F57 /* GameMenu.h */,
				FB89A3EE20385F6500F91F57 /* GameMenu.m */,
				FB89A3F62038634900F91F57 /* Menu.sks */,
			);
			path = Juego;
			sourceTree = "<group>";
		};
		FB81F19F201883DD006AA209 /* JuegoTests */ = {
			isa = PBXGroup;
			children = (
				FB81F1A0201883DD006AA209 /* JuegoTests.m */,
				FB81F1A2201883DD006AA209 /* Info.plist */,
			);
			path = JuegoTests;
			sourceTree = "<group>";
		};
		FB81F1AA201883DD006AA209 /* JuegoUITests */ = {
			isa = PBXGroup;
			children = (
				FB81F1AB201883DD006AA209 /* JuegoUITests.m */,
				FB81F1AD201883DD006AA209 /* Info.plist */,
			);
			path = JuegoUITests;
			sourceTree = "<group>";
		};
/* End PBXGroup section */

/* Begin PBXNativeTarget section */
		FB81F17C201883DD006AA209 /* Juego */ = {
			isa = PBXNativeTarget;
			buildConfigurationList = FB81F1B0201883DD006AA209 /* Build configuration list for PBXNativeTarget "Juego" */;
			buildPhases = (
				FB81F179201883DD006AA209 /* Sources */,
				FB81F17A201883DD006AA209 /* Frameworks */,
				FB81F17B201883DD006AA209 /* Resources */,
			);
			buildRules = (
			);
			dependencies = (
			);
			name = Juego;
			productName = Juego;
			productReference = FB81F17D201883DD006AA209 /* Juego.app */;
			productType = "com.apple.product-type.application";
		};
		FB81F19B201883DD006AA209 /* JuegoTests */ = {
			isa = PBXNativeTarget;
			buildConfigurationList = FB81F1B3201883DD006AA209 /* Build configuration list for PBXNativeTarget "JuegoTests" */;
			buildPhases = (
				FB81F198201883DD006AA209 /* Sources */,
				FB81F199201883DD006AA209 /* Frameworks */,
				FB81F19A201883DD006AA209 /* Resources */,
			);
			buildRules = (
			);
			dependencies = (
				FB81F19E201883DD006AA209 /* PBXTargetDependency */,
			);
			name = JuegoTests;
			productName = JuegoTests;
			productReference = FB81F19C201883DD006AA209 /* JuegoTests.xctest */;
			productType = "com.apple.product-type.bundle.unit-test";
		};
		FB81F1A6201883DD006AA209 /* JuegoUITests */ = {
			isa = PBXNativeTarget;
			buildConfigurationList = FB81F1B6201883DD006AA209 /* Build configuration list for PBXNativeTarget "JuegoUITests" */;
			buildPhases = (
				FB81F1A3201883DD006AA209 /* Sources */,
				FB81F1A4201883DD006AA209 /* Frameworks */,
				FB81F1A5201883DD006AA209 /* Resources */,
			);
			buildRules = (
			);
			dependencies = (
				FB81F1A9201883DD006AA209 /* PBXTargetDependency */,
			);
			name = JuegoUITests;
			productName = JuegoUITests;
			productReference = FB81F1A7201883DD006AA209 /* JuegoUITests.xctest */;
			productType = "com.apple.product-type.bundle.ui-testing";
		};
/* End PBXNativeTarget section */

/* Begin PBXProject section */
		FB81F175201883DD006AA209 /* Project object */ = {
			isa = PBXProject;
			attributes = {
				LastUpgradeCheck = 0900;
				ORGANIZATIONNAME = alumno;
				TargetAttributes = {
					FB81F17C201883DD006AA209 = {
						CreatedOnToolsVersion = 9.0;
						ProvisioningStyle = Automatic;
					};
					FB81F19B201883DD006AA209 = {
						CreatedOnToolsVersion = 9.0;
						ProvisioningStyle = Automatic;
						TestTargetID = FB81F17C201883DD006AA209;
					};
					FB81F1A6201883DD006AA209 = {
						CreatedOnToolsVersion = 9.0;
						ProvisioningStyle = Automatic;
						TestTargetID = FB81F17C201883DD006AA209;
					};
				};
			};
			buildConfigurationList = FB81F178201883DD006AA209 /* Build configuration list for PBXProject "Juego" */;
			compatibilityVersion = "Xcode 8.0";
			developmentRegion = en;
			hasScannedForEncodings = 0;
			knownRegions = (
				en,
				Base,
			);
			mainGroup = FB81F174201883DD006AA209;
			productRefGroup = FB81F17E201883DD006AA209 /* Products */;
			projectDirPath = "";
			projectRoot = "";
			targets = (
				FB81F17C201883DD006AA209 /* Juego */,
				FB81F19B201883DD006AA209 /* JuegoTests */,
				FB81F1A6201883DD006AA209 /* JuegoUITests */,
			);
		};
/* End PBXProject section */

/* Begin PBXResourcesBuildPhase section */
		FB81F17B201883DD006AA209 /* Resources */ = {
			isa = PBXResourcesBuildPhase;
			buildActionMask = 2147483647;
			files = (
				FB81F18F201883DD006AA209 /* Main.storyboard in Resources */,
				FB2E52302025FA8B00CF76E5 /* animationsJumpKnight.atlas in Resources */,
				FB6425FA202B42810096D2EF /* animationsLichIdle.atlas in Resources */,
				FB9EF76A203D6E0500A419B1 /* GameScene_2.sks in Resources */,
				FB78FC542026568300D26A4F /* animationsKnightTransformation.atlas in Resources */,
				FB89A3F72038634900F91F57 /* Menu.sks in Resources */,
				FB81F184201883DD006AA209 /* GameScene.sks in Resources */,
				FB1FA864202AEAD1009A7DDB /* animationsLichTransformation.atlas in Resources */,
				FBCE08D3201D0D9E00C7D3EE /* animations.atlas in Resources */,
				FB78FC582026670F00D26A4F /* animationsFishing.atlas in Resources */,
				FB78FC56202660B300D26A4F /* animationsCampfire.atlas in Resources */,
				FB81F191201883DD006AA209 /* Assets.xcassets in Resources */,
				FB81F194201883DD006AA209 /* LaunchScreen.storyboard in Resources */,
				FB81F186201883DD006AA209 /* Actions.sks in Resources */,
				FB642601202B45FC0096D2EF /* animationsLichAtack.atlas in Resources */,
				FB1FA862202AE5E4009A7DDB /* animationsLichRun.atlas in Resources */,
				FBAFEE8420276FA7005419F0 /* animationsDeadKnight.atlas in Resources */,
				FB2E52342025FF5300CF76E5 /* animationsIdleKnight.atlas in Resources */,
				FBAFEE8220276F39005419F0 /* animationsAtackKnight.atlas in Resources */,
			);
			runOnlyForDeploymentPostprocessing = 0;
		};
		FB81F19A201883DD006AA209 /* Resources */ = {
			isa = PBXResourcesBuildPhase;
			buildActionMask = 2147483647;
			files = (
			);
			runOnlyForDeploymentPostprocessing = 0;
		};
		FB81F1A5201883DD006AA209 /* Resources */ = {
			isa = PBXResourcesBuildPhase;
			buildActionMask = 2147483647;
			files = (
			);
			runOnlyForDeploymentPostprocessing = 0;
		};
/* End PBXResourcesBuildPhase section */

/* Begin PBXSourcesBuildPhase section */
		FB81F179201883DD006AA209 /* Sources */ = {
			isa = PBXSourcesBuildPhase;
			buildActionMask = 2147483647;
			files = (
				FB81F189201883DD006AA209 /* GameScene.m in Sources */,
				FB81F18C201883DD006AA209 /* GameViewController.m in Sources */,
				FB89A3EA20385D8500F91F57 /* GameMenuController.m in Sources */,
				FB89A3E72038547B00F91F57 /* GameData.m in Sources */,
				FB89A3EF20385F6500F91F57 /* GameMenu.m in Sources */,
				FB81F197201883DD006AA209 /* main.m in Sources */,
				FB81F182201883DD006AA209 /* AppDelegate.m in Sources */,
			);
			runOnlyForDeploymentPostprocessing = 0;
		};
		FB81F198201883DD006AA209 /* Sources */ = {
			isa = PBXSourcesBuildPhase;
			buildActionMask = 2147483647;
			files = (
				FB81F1A1201883DD006AA209 /* JuegoTests.m in Sources */,
			);
			runOnlyForDeploymentPostprocessing = 0;
		};
		FB81F1A3201883DD006AA209 /* Sources */ = {
			isa = PBXSourcesBuildPhase;
			buildActionMask = 2147483647;
			files = (
				FB81F1AC201883DD006AA209 /* JuegoUITests.m in Sources */,
			);
			runOnlyForDeploymentPostprocessing = 0;
		};
/* End PBXSourcesBuildPhase section */

/* Begin PBXTargetDependency section */
		FB81F19E201883DD006AA209 /* PBXTargetDependency */ = {
			isa = PBXTargetDependency;
			target = FB81F17C201883DD006AA209 /* Juego */;
			targetProxy = FB81F19D201883DD006AA209 /* PBXContainerItemProxy */;
		};
		FB81F1A9201883DD006AA209 /* PBXTargetDependency */ = {
			isa = PBXTargetDependency;
			target = FB81F17C201883DD006AA209 /* Juego */;
			targetProxy = FB81F1A8201883DD006AA209 /* PBXContainerItemProxy */;
		};
/* End PBXTargetDependency section */

/* Begin PBXVariantGroup section */
		FB81F18D201883DD006AA209 /* Main.storyboard */ = {
			isa = PBXVariantGroup;
			children = (
				FB81F18E201883DD006AA209 /* Base */,
			);
			name = Main.storyboard;
			sourceTree = "<group>";
		};
		FB81F192201883DD006AA209 /* LaunchScreen.storyboard */ = {
			isa = PBXVariantGroup;
			children = (
				FB81F193201883DD006AA209 /* Base */,
			);
			name = LaunchScreen.storyboard;
			sourceTree = "<group>";
		};
/* End PBXVariantGroup section */

/* Begin XCBuildConfiguration section */
		FB81F1AE201883DD006AA209 /* Debug */ = {
			isa = XCBuildConfiguration;
			buildSettings = {
				ALWAYS_SEARCH_USER_PATHS = NO;
				CLANG_ANALYZER_NONNULL = YES;
				CLANG_ANALYZER_NUMBER_OBJECT_CONVERSION = YES_AGGRESSIVE;
				CLANG_CXX_LANGUAGE_STANDARD = "gnu++14";
				CLANG_CXX_LIBRARY = "libc++";
				CLANG_ENABLE_MODULES = YES;
				CLANG_ENABLE_OBJC_ARC = YES;
				CLANG_WARN_BLOCK_CAPTURE_AUTORELEASING = YES;
				CLANG_WARN_BOOL_CONVERSION = YES;
				CLANG_WARN_COMMA = YES;
				CLANG_WARN_CONSTANT_CONVERSION = YES;
				CLANG_WARN_DIRECT_OBJC_ISA_USAGE = YES_ERROR;
				CLANG_WARN_DOCUMENTATION_COMMENTS = YES;
				CLANG_WARN_EMPTY_BODY = YES;
				CLANG_WARN_ENUM_CONVERSION = YES;
				CLANG_WARN_INFINITE_RECURSION = YES;
				CLANG_WARN_INT_CONVERSION = YES;
				CLANG_WARN_NON_LITERAL_NULL_CONVERSION = YES;
				CLANG_WARN_OBJC_LITERAL_CONVERSION = YES;
				CLANG_WARN_OBJC_ROOT_CLASS = YES_ERROR;
				CLANG_WARN_RANGE_LOOP_ANALYSIS = YES;
				CLANG_WARN_STRICT_PROTOTYPES = YES;
				CLANG_WARN_SUSPICIOUS_MOVE = YES;
				CLANG_WARN_UNGUARDED_AVAILABILITY = YES_AGGRESSIVE;
				CLANG_WARN_UNREACHABLE_CODE = YES;
				CLANG_WARN__DUPLICATE_METHOD_MATCH = YES;
				CODE_SIGN_IDENTITY = "iPhone Developer";
				COPY_PHASE_STRIP = NO;
				DEBUG_INFORMATION_FORMAT = dwarf;
				ENABLE_STRICT_OBJC_MSGSEND = YES;
				ENABLE_TESTABILITY = YES;
				GCC_C_LANGUAGE_STANDARD = gnu11;
				GCC_DYNAMIC_NO_PIC = NO;
				GCC_NO_COMMON_BLOCKS = YES;
				GCC_OPTIMIZATION_LEVEL = 0;
				GCC_PREPROCESSOR_DEFINITIONS = (
					"DEBUG=1",
					"$(inherited)",
				);
				GCC_WARN_64_TO_32_BIT_CONVERSION = YES;
				GCC_WARN_ABOUT_RETURN_TYPE = YES_ERROR;
				GCC_WARN_UNDECLARED_SELECTOR = YES;
				GCC_WARN_UNINITIALIZED_AUTOS = YES_AGGRESSIVE;
				GCC_WARN_UNUSED_FUNCTION = YES;
				GCC_WARN_UNUSED_VARIABLE = YES;
				IPHONEOS_DEPLOYMENT_TARGET = 11.0;
				MTL_ENABLE_DEBUG_INFO = YES;
				ONLY_ACTIVE_ARCH = YES;
				SDKROOT = iphoneos;
			};
			name = Debug;
		};
		FB81F1AF201883DD006AA209 /* Release */ = {
			isa = XCBuildConfiguration;
			buildSettings = {
				ALWAYS_SEARCH_USER_PATHS = NO;
				CLANG_ANALYZER_NONNULL = YES;
				CLANG_ANALYZER_NUMBER_OBJECT_CONVERSION = YES_AGGRESSIVE;
				CLANG_CXX_LANGUAGE_STANDARD = "gnu++14";
				CLANG_CXX_LIBRARY = "libc++";
				CLANG_ENABLE_MODULES = YES;
				CLANG_ENABLE_OBJC_ARC = YES;
				CLANG_WARN_BLOCK_CAPTURE_AUTORELEASING = YES;
				CLANG_WARN_BOOL_CONVERSION = YES;
				CLANG_WARN_COMMA = YES;
				CLANG_WARN_CONSTANT_CONVERSION = YES;
				CLANG_WARN_DIRECT_OBJC_ISA_USAGE = YES_ERROR;
				CLANG_WARN_DOCUMENTATION_COMMENTS = YES;
				CLANG_WARN_EMPTY_BODY = YES;
				CLANG_WARN_ENUM_CONVERSION = YES;
				CLANG_WARN_INFINITE_RECURSION = YES;
				CLANG_WARN_INT_CONVERSION = YES;
				CLANG_WARN_NON_LITERAL_NULL_CONVERSION = YES;
				CLANG_WARN_OBJC_LITERAL_CONVERSION = YES;
				CLANG_WARN_OBJC_ROOT_CLASS = YES_ERROR;
				CLANG_WARN_RANGE_LOOP_ANALYSIS = YES;
				CLANG_WARN_STRICT_PROTOTYPES = YES;
				CLANG_WARN_SUSPICIOUS_MOVE = YES;
				CLANG_WARN_UNGUARDED_AVAILABILITY = YES_AGGRESSIVE;
				CLANG_WARN_UNREACHABLE_CODE = YES;
				CLANG_WARN__DUPLICATE_METHOD_MATCH = YES;
				CODE_SIGN_IDENTITY = "iPhone Developer";
				COPY_PHASE_STRIP = NO;
				DEBUG_INFORMATION_FORMAT = "dwarf-with-dsym";
				ENABLE_NS_ASSERTIONS = NO;
				ENABLE_STRICT_OBJC_MSGSEND = YES;
				GCC_C_LANGUAGE_STANDARD = gnu11;
				GCC_NO_COMMON_BLOCKS = YES;
				GCC_WARN_64_TO_32_BIT_CONVERSION = YES;
				GCC_WARN_ABOUT_RETURN_TYPE = YES_ERROR;
				GCC_WARN_UNDECLARED_SELECTOR = YES;
				GCC_WARN_UNINITIALIZED_AUTOS = YES_AGGRESSIVE;
				GCC_WARN_UNUSED_FUNCTION = YES;
				GCC_WARN_UNUSED_VARIABLE = YES;
				IPHONEOS_DEPLOYMENT_TARGET = 11.0;
				MTL_ENABLE_DEBUG_INFO = NO;
				SDKROOT = iphoneos;
				VALIDATE_PRODUCT = YES;
			};
			name = Release;
		};
		FB81F1B1201883DD006AA209 /* Debug */ = {
			isa = XCBuildConfiguration;
			buildSettings = {
				ASSETCATALOG_COMPILER_APPICON_NAME = AppIcon;
				CODE_SIGN_STYLE = Automatic;
				INFOPLIST_FILE = Juego/Info.plist;
				LD_RUNPATH_SEARCH_PATHS = "$(inherited) @executable_path/Frameworks";
				PRODUCT_BUNDLE_IDENTIFIER = marto.Juego;
				PRODUCT_NAME = "$(TARGET_NAME)";
				TARGETED_DEVICE_FAMILY = "1,2";
			};
			name = Debug;
		};
		FB81F1B2201883DD006AA209 /* Release */ = {
			isa = XCBuildConfiguration;
			buildSettings = {
				ASSETCATALOG_COMPILER_APPICON_NAME = AppIcon;
				CODE_SIGN_STYLE = Automatic;
				INFOPLIST_FILE = Juego/Info.plist;
				LD_RUNPATH_SEARCH_PATHS = "$(inherited) @executable_path/Frameworks";
				PRODUCT_BUNDLE_IDENTIFIER = marto.Juego;
				PRODUCT_NAME = "$(TARGET_NAME)";
				TARGETED_DEVICE_FAMILY = "1,2";
			};
			name = Release;
		};
		FB81F1B4201883DD006AA209 /* Debug */ = {
			isa = XCBuildConfiguration;
			buildSettings = {
				BUNDLE_LOADER = "$(TEST_HOST)";
				CODE_SIGN_STYLE = Automatic;
				INFOPLIST_FILE = JuegoTests/Info.plist;
				LD_RUNPATH_SEARCH_PATHS = "$(inherited) @executable_path/Frameworks @loader_path/Frameworks";
				PRODUCT_BUNDLE_IDENTIFIER = marto.JuegoTests;
				PRODUCT_NAME = "$(TARGET_NAME)";
				TARGETED_DEVICE_FAMILY = "1,2";
				TEST_HOST = "$(BUILT_PRODUCTS_DIR)/Juego.app/Juego";
			};
			name = Debug;
		};
		FB81F1B5201883DD006AA209 /* Release */ = {
			isa = XCBuildConfiguration;
			buildSettings = {
				BUNDLE_LOADER = "$(TEST_HOST)";
				CODE_SIGN_STYLE = Automatic;
				INFOPLIST_FILE = JuegoTests/Info.plist;
				LD_RUNPATH_SEARCH_PATHS = "$(inherited) @executable_path/Frameworks @loader_path/Frameworks";
				PRODUCT_BUNDLE_IDENTIFIER = marto.JuegoTests;
				PRODUCT_NAME = "$(TARGET_NAME)";
				TARGETED_DEVICE_FAMILY = "1,2";
				TEST_HOST = "$(BUILT_PRODUCTS_DIR)/Juego.app/Juego";
			};
			name = Release;
		};
		FB81F1B7201883DD006AA209 /* Debug */ = {
			isa = XCBuildConfiguration;
			buildSettings = {
				CODE_SIGN_STYLE = Automatic;
				INFOPLIST_FILE = JuegoUITests/Info.plist;
				LD_RUNPATH_SEARCH_PATHS = "$(inherited) @executable_path/Frameworks @loader_path/Frameworks";
				PRODUCT_BUNDLE_IDENTIFIER = marto.JuegoUITests;
				PRODUCT_NAME = "$(TARGET_NAME)";
				TARGETED_DEVICE_FAMILY = "1,2";
				TEST_TARGET_NAME = Juego;
			};
			name = Debug;
		};
		FB81F1B8201883DD006AA209 /* Release */ = {
			isa = XCBuildConfiguration;
			buildSettings = {
				CODE_SIGN_STYLE = Automatic;
				INFOPLIST_FILE = JuegoUITests/Info.plist;
				LD_RUNPATH_SEARCH_PATHS = "$(inherited) @executable_path/Frameworks @loader_path/Frameworks";
				PRODUCT_BUNDLE_IDENTIFIER = marto.JuegoUITests;
				PRODUCT_NAME = "$(TARGET_NAME)";
				TARGETED_DEVICE_FAMILY = "1,2";
				TEST_TARGET_NAME = Juego;
			};
			name = Release;
		};
/* End XCBuildConfiguration section */

/* Begin XCConfigurationList section */
		FB81F178201883DD006AA209 /* Build configuration list for PBXProject "Juego" */ = {
			isa = XCConfigurationList;
			buildConfigurations = (
				FB81F1AE201883DD006AA209 /* Debug */,
				FB81F1AF201883DD006AA209 /* Release */,
			);
			defaultConfigurationIsVisible = 0;
			defaultConfigurationName = Release;
		};
		FB81F1B0201883DD006AA209 /* Build configuration list for PBXNativeTarget "Juego" */ = {
			isa = XCConfigurationList;
			buildConfigurations = (
				FB81F1B1201883DD006AA209 /* Debug */,
				FB81F1B2201883DD006AA209 /* Release */,
			);
			defaultConfigurationIsVisible = 0;
			defaultConfigurationName = Release;
		};
		FB81F1B3201883DD006AA209 /* Build configuration list for PBXNativeTarget "JuegoTests" */ = {
			isa = XCConfigurationList;
			buildConfigurations = (
				FB81F1B4201883DD006AA209 /* Debug */,
				FB81F1B5201883DD006AA209 /* Release */,
			);
			defaultConfigurationIsVisible = 0;
			defaultConfigurationName = Release;
		};
		FB81F1B6201883DD006AA209 /* Build configuration list for PBXNativeTarget "JuegoUITests" */ = {
			isa = XCConfigurationList;
			buildConfigurations = (
				FB81F1B7201883DD006AA209 /* Debug */,
				FB81F1B8201883DD006AA209 /* Release */,
			);
			defaultConfigurationIsVisible = 0;
			defaultConfigurationName = Release;
		};
/* End XCConfigurationList section */
	};
	rootObject = FB81F175201883DD006AA209 /* Project object */;
}
